
Microsoft Visual Studio Solution File, Format Version 12.00
# Visual Studio 2013
VisualStudioVersion = 12.0.21005.1
MinimumVisualStudioVersion = 10.0.40219.1
Project("{FAE04EC0-301F-11D3-BF4B-00C04F79EFBC}") = "protowinapp3tier", "protowinapp3tier\protowinapp3tier.csproj", "{E204F4B3-626B-48CD-9286-A1180CBDA91F}"
EndProject
Project("{FAE04EC0-301F-11D3-BF4B-00C04F79EFBC}") = "DAL", "DAL\DAL.csproj", "{F955DBC1-07EB-4DF6-8B02-D11F605CB404}"
EndProject
Global
	GlobalSection(SolutionConfigurationPlatforms) = preSolution
		Debug|Any CPU = Debug|Any CPU
		Release|Any CPU = Release|Any CPU
	EndGlobalSection
	GlobalSection(ProjectConfigurationPlatforms) = postSolution
		{E204F4B3-626B-48CD-9286-A1180CBDA91F}.Debug|Any CPU.ActiveCfg = Debug|Any CPU
		{E204F4B3-626B-48CD-9286-A1180CBDA91F}.Debug|Any CPU.Build.0 = Debug|Any CPU
		{E204F4B3-626B-48CD-9286-A1180CBDA91F}.Release|Any CPU.ActiveCfg = Release|Any CPU
		{E204F4B3-626B-48CD-9286-A1180CBDA91F}.Release|Any CPU.Build.0 = Release|Any CPU
		{F955DBC1-07EB-4DF6-8B02-D11F605CB404}.Debug|Any CPU.ActiveCfg = Debug|Any CPU
		{F955DBC1-07EB-4DF6-8B02-D11F605CB404}.Debug|Any CPU.Build.0 = Debug|Any CPU
		{F955DBC1-07EB-4DF6-8B02-D11F605CB404}.Release|Any CPU.ActiveCfg = Release|Any CPU
		{F955DBC1-07EB-4DF6-8B02-D11F605CB404}.Release|Any CPU.Build.0 = Release|Any CPU
	EndGlobalSection
	GlobalSection(SolutionProperties) = preSolution
		HideSolutionNode = FALSE
	EndGlobalSection
EndGlobal
